
Microsoft Visual Studio Solution File, Format Version 12.00
# Visual Studio Version 17
VisualStudioVersion = 17.3.32804.467
MinimumVisualStudioVersion = 10.0.40219.1
Project("{FAE04EC0-301F-11D3-BF4B-00C04F79EFBC}") = "Worldseed.Client.Blazor", "Worldseed.Client.Blazor\Worldseed.Client.Blazor.csproj", "{68584EC9-6BC4-4733-9382-884EFEB40AD6}"
EndProject
Global
	GlobalSection(SolutionConfigurationPlatforms) = preSolution
		Debug|Any CPU = Debug|Any CPU
		Release|Any CPU = Release|Any CPU
	EndGlobalSection
	GlobalSection(ProjectConfigurationPlatforms) = postSolution
		{68584EC9-6BC4-4733-9382-884EFEB40AD6}.Debug|Any CPU.ActiveCfg = Debug|Any CPU
		{68584EC9-6BC4-4733-9382-884EFEB40AD6}.Debug|Any CPU.Build.0 = Debug|Any CPU
		{68584EC9-6BC4-4733-9382-884EFEB40AD6}.Release|Any CPU.ActiveCfg = Release|Any CPU
		{68584EC9-6BC4-4733-9382-884EFEB40AD6}.Release|Any CPU.Build.0 = Release|Any CPU
	EndGlobalSection
	GlobalSection(SolutionProperties) = preSolution
		HideSolutionNode = FALSE
	EndGlobalSection
	GlobalSection(ExtensibilityGlobals) = postSolution
		SolutionGuid = {8D8886E5-75B0-47B5-9AD2-9855019964F6}
	EndGlobalSection
EndGlobal
